
Microsoft Visual Studio Solution File, Format Version 12.00
# Visual Studio Version 17
VisualStudioVersion = 17.4.33103.184
MinimumVisualStudioVersion = 10.0.40219.1
Project("{2150E333-8FDC-42A3-9474-1A3956D46DE8}") = "Presentation", "Presentation", "{61FC69E1-4D97-4478-8F4C-C947C00423D4}"
EndProject
Project("{2150E333-8FDC-42A3-9474-1A3956D46DE8}") = "Kernel", "Kernel", "{7ADE3AA7-8A83-4528-A8DE-DB5BFCA988EA}"
EndProject
Project("{2150E333-8FDC-42A3-9474-1A3956D46DE8}") = "API", "API", "{404D5A64-2963-43CA-94DD-75BF52B24361}"
EndProject
Project("{2150E333-8FDC-42A3-9474-1A3956D46DE8}") = "Core", "Core", "{CD2A597F-EEB4-4AF0-8E98-C5CC83FC7422}"
EndProject
Project("{2150E333-8FDC-42A3-9474-1A3956D46DE8}") = "Infrastructure", "Infrastructure", "{C791A273-77D3-45CF-BACF-2F210D82C0D1}"
EndProject
Project("{2150E333-8FDC-42A3-9474-1A3956D46DE8}") = "Application", "Application", "{DDBF5E82-02BC-46D4-AA5C-D53BCF4D24B5}"
EndProject
Project("{2150E333-8FDC-42A3-9474-1A3956D46DE8}") = "Domain", "Domain", "{8999CF74-8191-408D-BEA5-2D8FAF90DEC0}"
EndProject
Project("{9A19103F-16F7-4668-BE54-9A1E7A4F7556}") = "Triton.Core.Application", "src\Kernel\Core\Application\Triton.Core.Application\Triton.Core.Application.csproj", "{FE58CF63-210C-4262-854E-E0707345E20B}"
EndProject
Project("{9A19103F-16F7-4668-BE54-9A1E7A4F7556}") = "Triton.Core.Domain.Common", "src\Kernel\Core\Domain\Triton.Core.Domain.Common\Triton.Core.Domain.Common.csproj", "{AF94676A-3CF0-4059-B65E-5108464AC623}"
EndProject
Project("{9A19103F-16F7-4668-BE54-9A1E7A4F7556}") = "Triton", "src\Presentation\Triton\Triton.csproj", "{22370B06-C39F-452F-BD84-59FB5753C8A3}"
EndProject
Project("{9A19103F-16F7-4668-BE54-9A1E7A4F7556}") = "Triton.Identity", "src\Kernel\Infrastructure\Triton.Identity\Triton.Identity.csproj", "{8AEF8BDA-8D10-457F-933F-10DE2D3A69A3}"
EndProject
Project("{9A19103F-16F7-4668-BE54-9A1E7A4F7556}") = "Triton.Infrastructure", "src\Kernel\Infrastructure\Triton.Infrastructure\Triton.Infrastructure.csproj", "{2CD75351-2925-4F6C-92F5-B181E1C91DFE}"
EndProject
Project("{FAE04EC0-301F-11D3-BF4B-00C04F79EFBC}") = "Triton.WebAPI", "src\Kernel\API\Triton.WebAPI\Triton.WebAPI.csproj", "{286C3177-72E5-4EF4-8739-DAA3E2F0F3CB}"
EndProject
Global
	GlobalSection(SolutionConfigurationPlatforms) = preSolution
		Debug|Any CPU = Debug|Any CPU
		Release|Any CPU = Release|Any CPU
	EndGlobalSection
	GlobalSection(ProjectConfigurationPlatforms) = postSolution
		{FE58CF63-210C-4262-854E-E0707345E20B}.Debug|Any CPU.ActiveCfg = Debug|Any CPU
		{FE58CF63-210C-4262-854E-E0707345E20B}.Debug|Any CPU.Build.0 = Debug|Any CPU
		{FE58CF63-210C-4262-854E-E0707345E20B}.Release|Any CPU.ActiveCfg = Release|Any CPU
		{FE58CF63-210C-4262-854E-E0707345E20B}.Release|Any CPU.Build.0 = Release|Any CPU
		{AF94676A-3CF0-4059-B65E-5108464AC623}.Debug|Any CPU.ActiveCfg = Debug|Any CPU
		{AF94676A-3CF0-4059-B65E-5108464AC623}.Debug|Any CPU.Build.0 = Debug|Any CPU
		{AF94676A-3CF0-4059-B65E-5108464AC623}.Release|Any CPU.ActiveCfg = Release|Any CPU
		{AF94676A-3CF0-4059-B65E-5108464AC623}.Release|Any CPU.Build.0 = Release|Any CPU
		{22370B06-C39F-452F-BD84-59FB5753C8A3}.Debug|Any CPU.ActiveCfg = Debug|Any CPU
		{22370B06-C39F-452F-BD84-59FB5753C8A3}.Debug|Any CPU.Build.0 = Debug|Any CPU
		{22370B06-C39F-452F-BD84-59FB5753C8A3}.Release|Any CPU.ActiveCfg = Release|Any CPU
		{22370B06-C39F-452F-BD84-59FB5753C8A3}.Release|Any CPU.Build.0 = Release|Any CPU
		{8AEF8BDA-8D10-457F-933F-10DE2D3A69A3}.Debug|Any CPU.ActiveCfg = Debug|Any CPU
		{8AEF8BDA-8D10-457F-933F-10DE2D3A69A3}.Debug|Any CPU.Build.0 = Debug|Any CPU
		{8AEF8BDA-8D10-457F-933F-10DE2D3A69A3}.Release|Any CPU.ActiveCfg = Release|Any CPU
		{8AEF8BDA-8D10-457F-933F-10DE2D3A69A3}.Release|Any CPU.Build.0 = Release|Any CPU
		{2CD75351-2925-4F6C-92F5-B181E1C91DFE}.Debug|Any CPU.ActiveCfg = Debug|Any CPU
		{2CD75351-2925-4F6C-92F5-B181E1C91DFE}.Debug|Any CPU.Build.0 = Debug|Any CPU
		{2CD75351-2925-4F6C-92F5-B181E1C91DFE}.Release|Any CPU.ActiveCfg = Release|Any CPU
		{2CD75351-2925-4F6C-92F5-B181E1C91DFE}.Release|Any CPU.Build.0 = Release|Any CPU
		{286C3177-72E5-4EF4-8739-DAA3E2F0F3CB}.Debug|Any CPU.ActiveCfg = Debug|Any CPU
		{286C3177-72E5-4EF4-8739-DAA3E2F0F3CB}.Debug|Any CPU.Build.0 = Debug|Any CPU
		{286C3177-72E5-4EF4-8739-DAA3E2F0F3CB}.Release|Any CPU.ActiveCfg = Release|Any CPU
		{286C3177-72E5-4EF4-8739-DAA3E2F0F3CB}.Release|Any CPU.Build.0 = Release|Any CPU
	EndGlobalSection
	GlobalSection(SolutionProperties) = preSolution
		HideSolutionNode = FALSE
	EndGlobalSection
	GlobalSection(NestedProjects) = preSolution
		{404D5A64-2963-43CA-94DD-75BF52B24361} = {7ADE3AA7-8A83-4528-A8DE-DB5BFCA988EA}
		{CD2A597F-EEB4-4AF0-8E98-C5CC83FC7422} = {7ADE3AA7-8A83-4528-A8DE-DB5BFCA988EA}
		{C791A273-77D3-45CF-BACF-2F210D82C0D1} = {7ADE3AA7-8A83-4528-A8DE-DB5BFCA988EA}
		{DDBF5E82-02BC-46D4-AA5C-D53BCF4D24B5} = {CD2A597F-EEB4-4AF0-8E98-C5CC83FC7422}
		{8999CF74-8191-408D-BEA5-2D8FAF90DEC0} = {CD2A597F-EEB4-4AF0-8E98-C5CC83FC7422}
		{FE58CF63-210C-4262-854E-E0707345E20B} = {DDBF5E82-02BC-46D4-AA5C-D53BCF4D24B5}
		{AF94676A-3CF0-4059-B65E-5108464AC623} = {8999CF74-8191-408D-BEA5-2D8FAF90DEC0}
		{22370B06-C39F-452F-BD84-59FB5753C8A3} = {61FC69E1-4D97-4478-8F4C-C947C00423D4}
		{8AEF8BDA-8D10-457F-933F-10DE2D3A69A3} = {C791A273-77D3-45CF-BACF-2F210D82C0D1}
		{2CD75351-2925-4F6C-92F5-B181E1C91DFE} = {C791A273-77D3-45CF-BACF-2F210D82C0D1}
		{286C3177-72E5-4EF4-8739-DAA3E2F0F3CB} = {404D5A64-2963-43CA-94DD-75BF52B24361}
	EndGlobalSection
	GlobalSection(ExtensibilityGlobals) = postSolution
		SolutionGuid = {FA5215D5-F955-4FC3-9072-19F17DFC74C6}
	EndGlobalSection
	GlobalSection(MonoDevelopProperties) = preSolution
		Policies = $0
		$0.DotNetNamingPolicy = $1
		$1.DirectoryNamespaceAssociation = PrefixedHierarchical
		$0.TextStylePolicy = $12
	EndGlobalSection
EndGlobal
